
Microsoft Visual Studio Solution File, Format Version 12.00
# Visual Studio Version 17
VisualStudioVersion = 17.5.33502.453
MinimumVisualStudioVersion = 10.0.40219.1
Project("{8BC9CEB8-8B4A-11D0-8D11-00A0C91BC942}") = "problemMultiwaris", "problemMultiwaris\problemMultiwaris.vcxproj", "{507E9BBE-37B8-4CEF-B02F-AF49F3B3204D}"
EndProject
Project("{8BC9CEB8-8B4A-11D0-8D11-00A0C91BC942}") = "solveMultiwaris", "solveMultiwaris\solveMultiwaris.vcxproj", "{0AAEFA75-CBB6-4528-A40A-6859D63651BB}"
EndProject
Project("{8BC9CEB8-8B4A-11D0-8D11-00A0C91BC942}") = "Polymorphism", "Polymorphism\Polymorphism.vcxproj", "{7AD96CA3-EFEB-4A80-A361-ECB4B0B97D0D}"
EndProject
Project("{8BC9CEB8-8B4A-11D0-8D11-00A0C91BC942}") = "Program_noOverriding", "Program_noOverriding\Program_noOverriding.vcxproj", "{510222EF-ABAE-49A8-B746-7AD767BE56FD}"
EndProject
Project("{8BC9CEB8-8B4A-11D0-8D11-00A0C91BC942}") = "Program_noPewarisan", "Program_noPewarisan\Program_noPewarisan.vcxproj", "{3B4D448E-6BAD-4816-917D-FB7CB55F7A8F}"
EndProject
Project("{8BC9CEB8-8B4A-11D0-8D11-00A0C91BC942}") = "Program_enkapsulasi", "Program_enkapsulasi\Program_enkapsulasi.vcxproj", "{850632CD-3380-4D77-B0DC-C66A7A45BB93}"
EndProject
Global
	GlobalSection(SolutionConfigurationPlatforms) = preSolution
		Debug|x64 = Debug|x64
		Debug|x86 = Debug|x86
		Release|x64 = Release|x64
		Release|x86 = Release|x86
	EndGlobalSection
	GlobalSection(ProjectConfigurationPlatforms) = postSolution
		{507E9BBE-37B8-4CEF-B02F-AF49F3B3204D}.Debug|x64.ActiveCfg = Debug|x64
		{507E9BBE-37B8-4CEF-B02F-AF49F3B3204D}.Debug|x64.Build.0 = Debug|x64
		{507E9BBE-37B8-4CEF-B02F-AF49F3B3204D}.Debug|x86.ActiveCfg = Debug|Win32
		{507E9BBE-37B8-4CEF-B02F-AF49F3B3204D}.Debug|x86.Build.0 = Debug|Win32
		{507E9BBE-37B8-4CEF-B02F-AF49F3B3204D}.Release|x64.ActiveCfg = Release|x64
		{507E9BBE-37B8-4CEF-B02F-AF49F3B3204D}.Release|x64.Build.0 = Release|x64
		{507E9BBE-37B8-4CEF-B02F-AF49F3B3204D}.Release|x86.ActiveCfg = Release|Win32
		{507E9BBE-37B8-4CEF-B02F-AF49F3B3204D}.Release|x86.Build.0 = Release|Win32
		{0AAEFA75-CBB6-4528-A40A-6859D63651BB}.Debug|x64.ActiveCfg = Debug|x64
		{0AAEFA75-CBB6-4528-A40A-6859D63651BB}.Debug|x64.Build.0 = Debug|x64
		{0AAEFA75-CBB6-4528-A40A-6859D63651BB}.Debug|x86.ActiveCfg = Debug|Win32
		{0AAEFA75-CBB6-4528-A40A-6859D63651BB}.Debug|x86.Build.0 = Debug|Win32
		{0AAEFA75-CBB6-4528-A40A-6859D63651BB}.Release|x64.ActiveCfg = Release|x64
		{0AAEFA75-CBB6-4528-A40A-6859D63651BB}.Release|x64.Build.0 = Release|x64
		{0AAEFA75-CBB6-4528-A40A-6859D63651BB}.Release|x86.ActiveCfg = Release|Win32
		{0AAEFA75-CBB6-4528-A40A-6859D63651BB}.Release|x86.Build.0 = Release|Win32
		{7AD96CA3-EFEB-4A80-A361-ECB4B0B97D0D}.Debug|x64.ActiveCfg = Debug|x64
		{7AD96CA3-EFEB-4A80-A361-ECB4B0B97D0D}.Debug|x64.Build.0 = Debug|x64
		{7AD96CA3-EFEB-4A80-A361-ECB4B0B97D0D}.Debug|x86.ActiveCfg = Debug|Win32
		{7AD96CA3-EFEB-4A80-A361-ECB4B0B97D0D}.Debug|x86.Build.0 = Debug|Win32
		{7AD96CA3-EFEB-4A80-A361-ECB4B0B97D0D}.Release|x64.ActiveCfg = Release|x64
		{7AD96CA3-EFEB-4A80-A361-ECB4B0B97D0D}.Release|x64.Build.0 = Release|x64
		{7AD96CA3-EFEB-4A80-A361-ECB4B0B97D0D}.Release|x86.ActiveCfg = Release|Win32
		{7AD96CA3-EFEB-4A80-A361-ECB4B0B97D0D}.Release|x86.Build.0 = Release|Win32
		{510222EF-ABAE-49A8-B746-7AD767BE56FD}.Debug|x64.ActiveCfg = Debug|x64
		{510222EF-ABAE-49A8-B746-7AD767BE56FD}.Debug|x64.Build.0 = Debug|x64
		{510222EF-ABAE-49A8-B746-7AD767BE56FD}.Debug|x86.ActiveCfg = Debug|Win32
		{510222EF-ABAE-49A8-B746-7AD767BE56FD}.Debug|x86.Build.0 = Debug|Win32
		{510222EF-ABAE-49A8-B746-7AD767BE56FD}.Release|x64.ActiveCfg = Release|x64
		{510222EF-ABAE-49A8-B746-7AD767BE56FD}.Release|x64.Build.0 = Release|x64
		{510222EF-ABAE-49A8-B746-7AD767BE56FD}.Release|x86.ActiveCfg = Release|Win32
		{510222EF-ABAE-49A8-B746-7AD767BE56FD}.Release|x86.Build.0 = Release|Win32
		{3B4D448E-6BAD-4816-917D-FB7CB55F7A8F}.Debug|x64.ActiveCfg = Debug|x64
		{3B4D448E-6BAD-4816-917D-FB7CB55F7A8F}.Debug|x64.Build.0 = Debug|x64
		{3B4D448E-6BAD-4816-917D-FB7CB55F7A8F}.Debug|x86.ActiveCfg = Debug|Win32
		{3B4D448E-6BAD-4816-917D-FB7CB55F7A8F}.Debug|x86.Build.0 = Debug|Win32
		{3B4D448E-6BAD-4816-917D-FB7CB55F7A8F}.Release|x64.ActiveCfg = Release|x64
		{3B4D448E-6BAD-4816-917D-FB7CB55F7A8F}.Release|x64.Build.0 = Release|x64
		{3B4D448E-6BAD-4816-917D-FB7CB55F7A8F}.Release|x86.ActiveCfg = Release|Win32
		{3B4D448E-6BAD-4816-917D-FB7CB55F7A8F}.Release|x86.Build.0 = Release|Win32
		{850632CD-3380-4D77-B0DC-C66A7A45BB93}.Debug|x64.ActiveCfg = Debug|x64
		{850632CD-3380-4D77-B0DC-C66A7A45BB93}.Debug|x64.Build.0 = Debug|x64
		{850632CD-3380-4D77-B0DC-C66A7A45BB93}.Debug|x86.ActiveCfg = Debug|Win32
		{850632CD-3380-4D77-B0DC-C66A7A45BB93}.Debug|x86.Build.0 = Debug|Win32
		{850632CD-3380-4D77-B0DC-C66A7A45BB93}.Release|x64.ActiveCfg = Release|x64
		{850632CD-3380-4D77-B0DC-C66A7A45BB93}.Release|x64.Build.0 = Release|x64
		{850632CD-3380-4D77-B0DC-C66A7A45BB93}.Release|x86.ActiveCfg = Release|Win32
		{850632CD-3380-4D77-B0DC-C66A7A45BB93}.Release|x86.Build.0 = Release|Win32
	EndGlobalSection
	GlobalSection(SolutionProperties) = preSolution
		HideSolutionNode = FALSE
	EndGlobalSection
	GlobalSection(ExtensibilityGlobals) = postSolution
		SolutionGuid = {537FF739-ECB3-4616-A39C-ABC79F3B92B6}
	EndGlobalSection
EndGlobal
